// !$*UTF8*$!
{
	archiveVersion = 1;
	classes = {
	};
	objectVersion = 50;
	objects = {

/* Begin PBXBuildFile section */
		7A851EF324FDB9AE00888B4F /* AppDelegate.swift in Sources */ = {isa = PBXBuildFile; fileRef = 7A851EF224FDB9AE00888B4F /* AppDelegate.swift */; };
		7A851EF524FDB9AE00888B4F /* SceneDelegate.swift in Sources */ = {isa = PBXBuildFile; fileRef = 7A851EF424FDB9AE00888B4F /* SceneDelegate.swift */; };
		7A851EF724FDB9AE00888B4F /* ViewController.swift in Sources */ = {isa = PBXBuildFile; fileRef = 7A851EF624FDB9AE00888B4F /* ViewController.swift */; };
		7A851EFA24FDB9AE00888B4F /* Main.storyboard in Resources */ = {isa = PBXBuildFile; fileRef = 7A851EF824FDB9AE00888B4F /* Main.storyboard */; };
		7A851EFC24FDB9B100888B4F /* Assets.xcassets in Resources */ = {isa = PBXBuildFile; fileRef = 7A851EFB24FDB9B100888B4F /* Assets.xcassets */; };
		7A851EFF24FDB9B100888B4F /* LaunchScreen.storyboard in Resources */ = {isa = PBXBuildFile; fileRef = 7A851EFD24FDB9B100888B4F /* LaunchScreen.storyboard */; };
		8465BE4303FF8CD0FACFDDEA /* Pods_Bokete_Udemy.framework in Frameworks */ = {isa = PBXBuildFile; fileRef = 06A559EC80010C571238367E /* Pods_Bokete_Udemy.framework */; };
/* End PBXBuildFile section */

/* Begin PBXFileReference section */
		06A559EC80010C571238367E /* Pods_Bokete_Udemy.framework */ = {isa = PBXFileReference; explicitFileType = wrapper.framework; includeInIndex = 0; path = Pods_Bokete_Udemy.framework; sourceTree = BUILT_PRODUCTS_DIR; };
		7A851EEF24FDB9AE00888B4F /* Bokete_Udemy.app */ = {isa = PBXFileReference; explicitFileType = wrapper.application; includeInIndex = 0; path = Bokete_Udemy.app; sourceTree = BUILT_PRODUCTS_DIR; };
		7A851EF224FDB9AE00888B4F /* AppDelegate.swift */ = {isa = PBXFileReference; lastKnownFileType = sourcecode.swift; path = AppDelegate.swift; sourceTree = "<group>"; };
		7A851EF424FDB9AE00888B4F /* SceneDelegate.swift */ = {isa = PBXFileReference; lastKnownFileType = sourcecode.swift; path = SceneDelegate.swift; sourceTree = "<group>"; };
		7A851EF624FDB9AE00888B4F /* ViewController.swift */ = {isa = PBXFileReference; lastKnownFileType = sourcecode.swift; path = ViewController.swift; sourceTree = "<group>"; };
		7A851EF924FDB9AE00888B4F /* Base */ = {isa = PBXFileReference; lastKnownFileType = file.storyboard; name = Base; path = Base.lproj/Main.storyboard; sourceTree = "<group>"; };
		7A851EFB24FDB9B100888B4F /* Assets.xcassets */ = {isa = PBXFileReference; lastKnownFileType = folder.assetcatalog; path = Assets.xcassets; sourceTree = "<group>"; };
		7A851EFE24FDB9B100888B4F /* Base */ = {isa = PBXFileReference; lastKnownFileType = file.storyboard; name = Base; path = Base.lproj/LaunchScreen.storyboard; sourceTree = "<group>"; };
		7A851F0024FDB9B100888B4F /* Info.plist */ = {isa = PBXFileReference; lastKnownFileType = text.plist.xml; path = Info.plist; sourceTree = "<group>"; };
		8EA2B7C86FD817515D7B6C0C /* Pods-Bokete_Udemy.release.xcconfig */ = {isa = PBXFileReference; includeInIndex = 1; lastKnownFileType = text.xcconfig; name = "Pods-Bokete_Udemy.release.xcconfig"; path = "Target Support Files/Pods-Bokete_Udemy/Pods-Bokete_Udemy.release.xcconfig"; sourceTree = "<group>"; };
		A94E45C0A8DF2720BC254A13 /* Pods-Bokete_Udemy.debug.xcconfig */ = {isa = PBXFileReference; includeInIndex = 1; lastKnownFileType = text.xcconfig; name = "Pods-Bokete_Udemy.debug.xcconfig"; path = "Target Support Files/Pods-Bokete_Udemy/Pods-Bokete_Udemy.debug.xcconfig"; sourceTree = "<group>"; };
/* End PBXFileReference section */

/* Begin PBXFrameworksBuildPhase section */
		7A851EEC24FDB9AE00888B4F /* Frameworks */ = {
			isa = PBXFrameworksBuildPhase;
			buildActionMask = 2147483647;
			files = (
				8465BE4303FF8CD0FACFDDEA /* Pods_Bokete_Udemy.framework in Frameworks */,
			);
			runOnlyForDeploymentPostprocessing = 0;
		};
/* End PBXFrameworksBuildPhase section */

/* Begin PBXGroup section */
		485F1ED5A2CD2115301DE679 /* Pods */ = {
			isa = PBXGroup;
			children = (
				A94E45C0A8DF2720BC254A13 /* Pods-Bokete_Udemy.debug.xcconfig */,
				8EA2B7C86FD817515D7B6C0C /* Pods-Bokete_Udemy.release.xcconfig */,
			);
			name = Pods;
			path = Pods;
			sourceTree = "<group>";
		};
		5508B745D6E8CF64EE22D5D2 /* Frameworks */ = {
			isa = PBXGroup;
			children = (
				06A559EC80010C571238367E /* Pods_Bokete_Udemy.framework */,
			);
			name = Frameworks;
			sourceTree = "<group>";
		};
		7A851EE624FDB9AE00888B4F = {
			isa = PBXGroup;
			children = (
				7A851EF124FDB9AE00888B4F /* Bokete_Udemy */,
				7A851EF024FDB9AE00888B4F /* Products */,
				485F1ED5A2CD2115301DE679 /* Pods */,
				5508B745D6E8CF64EE22D5D2 /* Frameworks */,
			);
			sourceTree = "<group>";
		};
		7A851EF024FDB9AE00888B4F /* Products */ = {
			isa = PBXGroup;
			children = (
				7A851EEF24FDB9AE00888B4F /* Bokete_Udemy.app */,
			);
			name = Products;
			sourceTree = "<group>";
		};
		7A851EF124FDB9AE00888B4F /* Bokete_Udemy */ = {
			isa = PBXGroup;
			children = (
				7A851EF224FDB9AE00888B4F /* AppDelegate.swift */,
				7A851EF424FDB9AE00888B4F /* SceneDelegate.swift */,
				7A851EF624FDB9AE00888B4F /* ViewController.swift */,
				7A851EF824FDB9AE00888B4F /* Main.storyboard */,
				7A851EFB24FDB9B100888B4F /* Assets.xcassets */,
				7A851EFD24FDB9B100888B4F /* LaunchScreen.storyboard */,
				7A851F0024FDB9B100888B4F /* Info.plist */,
			);
			path = Bokete_Udemy;
			sourceTree = "<group>";
		};
/* End PBXGroup section */

/* Begin PBXNativeTarget section */
		7A851EEE24FDB9AE00888B4F /* Bokete_Udemy */ = {
			isa = PBXNativeTarget;
			buildConfigurationList = 7A851F0324FDB9B100888B4F /* Build configuration list for PBXNativeTarget "Bokete_Udemy" */;
			buildPhases = (
				5B835CA5EF0849CDAE1BA7F2 /* [CP] Check Pods Manifest.lock */,
				7A851EEB24FDB9AE00888B4F /* Sources */,
				7A851EEC24FDB9AE00888B4F /* Frameworks */,
				7A851EED24FDB9AE00888B4F /* Resources */,
				57D2A73330FDC702C9B5093A /* [CP] Embed Pods Frameworks */,
			);
			buildRules = (
			);
			dependencies = (
			);
			name = Bokete_Udemy;
			productName = Bokete_Udemy;
			productReference = 7A851EEF24FDB9AE00888B4F /* Bokete_Udemy.app */;
			productType = "com.apple.product-type.application";
		};
/* End PBXNativeTarget section */

/* Begin PBXProject section */
		7A851EE724FDB9AE00888B4F /* Project object */ = {
			isa = PBXProject;
			attributes = {
				LastSwiftUpdateCheck = 1160;
				LastUpgradeCheck = 1160;
				ORGANIZATIONNAME = tmatsuda;
				TargetAttributes = {
					7A851EEE24FDB9AE00888B4F = {
						CreatedOnToolsVersion = 11.6;
					};
				};
			};
			buildConfigurationList = 7A851EEA24FDB9AE00888B4F /* Build configuration list for PBXProject "Bokete_Udemy" */;
			compatibilityVersion = "Xcode 9.3";
			developmentRegion = en;
			hasScannedForEncodings = 0;
			knownRegions = (
				en,
				Base,
			);
			mainGroup = 7A851EE624FDB9AE00888B4F;
			productRefGroup = 7A851EF024FDB9AE00888B4F /* Products */;
			projectDirPath = "";
			projectRoot = "";
			targets = (
				7A851EEE24FDB9AE00888B4F /* Bokete_Udemy */,
			);
		};
/* End PBXProject section */

/* Begin PBXResourcesBuildPhase section */
		7A851EED24FDB9AE00888B4F /* Resources */ = {
			isa = PBXResourcesBuildPhase;
			buildActionMask = 2147483647;
			files = (
				7A851EFF24FDB9B100888B4F /* LaunchScreen.storyboard in Resources */,
				7A851EFC24FDB9B100888B4F /* Assets.xcassets in Resources */,
				7A851EFA24FDB9AE00888B4F /* Main.storyboard in Resources */,
			);
			runOnlyForDeploymentPostprocessing = 0;
		};
/* End PBXResourcesBuildPhase section */

/* Begin PBXShellScriptBuildPhase section */
		57D2A73330FDC702C9B5093A /* [CP] Embed Pods Frameworks */ = {
			isa = PBXShellScriptBuildPhase;
			buildActionMask = 2147483647;
			files = (
			);
			inputFileListPaths = (
				"${PODS_ROOT}/Target Support Files/Pods-Bokete_Udemy/Pods-Bokete_Udemy-frameworks-${CONFIGURATION}-input-files.xcfilelist",
			);
			name = "[CP] Embed Pods Frameworks";
			outputFileListPaths = (
				"${PODS_ROOT}/Target Support Files/Pods-Bokete_Udemy/Pods-Bokete_Udemy-frameworks-${CONFIGURATION}-output-files.xcfilelist",
			);
			runOnlyForDeploymentPostprocessing = 0;
			shellPath = /bin/sh;
			shellScript = "\"${PODS_ROOT}/Target Support Files/Pods-Bokete_Udemy/Pods-Bokete_Udemy-frameworks.sh\"\n";
			showEnvVarsInLog = 0;
		};
		5B835CA5EF0849CDAE1BA7F2 /* [CP] Check Pods Manifest.lock */ = {
			isa = PBXShellScriptBuildPhase;
			buildActionMask = 2147483647;
			files = (
			);
			inputFileListPaths = (
			);
			inputPaths = (
				"${PODS_PODFILE_DIR_PATH}/Podfile.lock",
				"${PODS_ROOT}/Manifest.lock",
			);
			name = "[CP] Check Pods Manifest.lock";
			outputFileListPaths = (
			);
			outputPaths = (
				"$(DERIVED_FILE_DIR)/Pods-Bokete_Udemy-checkManifestLockResult.txt",
			);
			runOnlyForDeploymentPostprocessing = 0;
			shellPath = /bin/sh;
			shellScript = "diff \"${PODS_PODFILE_DIR_PATH}/Podfile.lock\" \"${PODS_ROOT}/Manifest.lock\" > /dev/null\nif [ $? != 0 ] ; then\n    # print error to STDERR\n    echo \"error: The sandbox is not in sync with the Podfile.lock. Run 'pod install' or update your CocoaPods installation.\" >&2\n    exit 1\nfi\n# This output is used by Xcode 'outputs' to avoid re-running this script phase.\necho \"SUCCESS\" > \"${SCRIPT_OUTPUT_FILE_0}\"\n";
			showEnvVarsInLog = 0;
		};
/* End PBXShellScriptBuildPhase section */

/* Begin PBXSourcesBuildPhase section */
		7A851EEB24FDB9AE00888B4F /* Sources */ = {
			isa = PBXSourcesBuildPhase;
			buildActionMask = 2147483647;
			files = (
				7A851EF724FDB9AE00888B4F /* ViewController.swift in Sources */,
				7A851EF324FDB9AE00888B4F /* AppDelegate.swift in Sources */,
				7A851EF524FDB9AE00888B4F /* SceneDelegate.swift in Sources */,
			);
			runOnlyForDeploymentPostprocessing = 0;
		};
/* End PBXSourcesBuildPhase section */

/* Begin PBXVariantGroup section */
		7A851EF824FDB9AE00888B4F /* Main.storyboard */ = {
			isa = PBXVariantGroup;
			children = (
				7A851EF924FDB9AE00888B4F /* Base */,
			);
			name = Main.storyboard;
			sourceTree = "<group>";
		};
		7A851EFD24FDB9B100888B4F /* LaunchScreen.storyboard */ = {
			isa = PBXVariantGroup;
			children = (
				7A851EFE24FDB9B100888B4F /* Base */,
			);
			name = LaunchScreen.storyboard;
			sourceTree = "<group>";
		};
/* End PBXVariantGroup section */

/* Begin XCBuildConfiguration section */
		7A851F0124FDB9B100888B4F /* Debug */ = {
			isa = XCBuildConfiguration;
			buildSettings = {
				ALWAYS_SEARCH_USER_PATHS = NO;
				CLANG_ANALYZER_NONNULL = YES;
				CLANG_ANALYZER_NUMBER_OBJECT_CONVERSION = YES_AGGRESSIVE;
				CLANG_CXX_LANGUAGE_STANDARD = "gnu++14";
				CLANG_CXX_LIBRARY = "libc++";
				CLANG_ENABLE_MODULES = YES;
				CLANG_ENABLE_OBJC_ARC = YES;
				CLANG_ENABLE_OBJC_WEAK = YES;
				CLANG_WARN_BLOCK_CAPTURE_AUTORELEASING = YES;
				CLANG_WARN_BOOL_CONVERSION = YES;
				CLANG_WARN_COMMA = YES;
				CLANG_WARN_CONSTANT_CONVERSION = YES;
				CLANG_WARN_DEPRECATED_OBJC_IMPLEMENTATIONS = YES;
				CLANG_WARN_DIRECT_OBJC_ISA_USAGE = YES_ERROR;
				CLANG_WARN_DOCUMENTATION_COMMENTS = YES;
				CLANG_WARN_EMPTY_BODY = YES;
				CLANG_WARN_ENUM_CONVERSION = YES;
				CLANG_WARN_INFINITE_RECURSION = YES;
				CLANG_WARN_INT_CONVERSION = YES;
				CLANG_WARN_NON_LITERAL_NULL_CONVERSION = YES;
				CLANG_WARN_OBJC_IMPLICIT_RETAIN_SELF = YES;
				CLANG_WARN_OBJC_LITERAL_CONVERSION = YES;
				CLANG_WARN_OBJC_ROOT_CLASS = YES_ERROR;
				CLANG_WARN_RANGE_LOOP_ANALYSIS = YES;
				CLANG_WARN_STRICT_PROTOTYPES = YES;
				CLANG_WARN_SUSPICIOUS_MOVE = YES;
				CLANG_WARN_UNGUARDED_AVAILABILITY = YES_AGGRESSIVE;
				CLANG_WARN_UNREACHABLE_CODE = YES;
				CLANG_WARN__DUPLICATE_METHOD_MATCH = YES;
				COPY_PHASE_STRIP = NO;
				DEBUG_INFORMATION_FORMAT = dwarf;
				ENABLE_STRICT_OBJC_MSGSEND = YES;
				ENABLE_TESTABILITY = YES;
				GCC_C_LANGUAGE_STANDARD = gnu11;
				GCC_DYNAMIC_NO_PIC = NO;
				GCC_NO_COMMON_BLOCKS = YES;
				GCC_OPTIMIZATION_LEVEL = 0;
				GCC_PREPROCESSOR_DEFINITIONS = (
					"DEBUG=1",
					"$(inherited)",
				);
				GCC_WARN_64_TO_32_BIT_CONVERSION = YES;
				GCC_WARN_ABOUT_RETURN_TYPE = YES_ERROR;
				GCC_WARN_UNDECLARED_SELECTOR = YES;
				GCC_WARN_UNINITIALIZED_AUTOS = YES_AGGRESSIVE;
				GCC_WARN_UNUSED_FUNCTION = YES;
				GCC_WARN_UNUSED_VARIABLE = YES;
				IPHONEOS_DEPLOYMENT_TARGET = 13.6;
				MTL_ENABLE_DEBUG_INFO = INCLUDE_SOURCE;
				MTL_FAST_MATH = YES;
				ONLY_ACTIVE_ARCH = YES;
				SDKROOT = iphoneos;
				SWIFT_ACTIVE_COMPILATION_CONDITIONS = DEBUG;
				SWIFT_OPTIMIZATION_LEVEL = "-Onone";
			};
			name = Debug;
		};
		7A851F0224FDB9B100888B4F /* Release */ = {
			isa = XCBuildConfiguration;
			buildSettings = {
				ALWAYS_SEARCH_USER_PATHS = NO;
				CLANG_ANALYZER_NONNULL = YES;
				CLANG_ANALYZER_NUMBER_OBJECT_CONVERSION = YES_AGGRESSIVE;
				CLANG_CXX_LANGUAGE_STANDARD = "gnu++14";
				CLANG_CXX_LIBRARY = "libc++";
				CLANG_ENABLE_MODULES = YES;
				CLANG_ENABLE_OBJC_ARC = YES;
				CLANG_ENABLE_OBJC_WEAK = YES;
				CLANG_WARN_BLOCK_CAPTURE_AUTORELEASING = YES;
				CLANG_WARN_BOOL_CONVERSION = YES;
				CLANG_WARN_COMMA = YES;
				CLANG_WARN_CONSTANT_CONVERSION = YES;
				CLANG_WARN_DEPRECATED_OBJC_IMPLEMENTATIONS = YES;
				CLANG_WARN_DIRECT_OBJC_ISA_USAGE = YES_ERROR;
				CLANG_WARN_DOCUMENTATION_COMMENTS = YES;
				CLANG_WARN_EMPTY_BODY = YES;
				CLANG_WARN_ENUM_CONVERSION = YES;
				CLANG_WARN_INFINITE_RECURSION = YES;
				CLANG_WARN_INT_CONVERSION = YES;
				CLANG_WARN_NON_LITERAL_NULL_CONVERSION = YES;
				CLANG_WARN_OBJC_IMPLICIT_RETAIN_SELF = YES;
				CLANG_WARN_OBJC_LITERAL_CONVERSION = YES;
				CLANG_WARN_OBJC_ROOT_CLASS = YES_ERROR;
				CLANG_WARN_RANGE_LOOP_ANALYSIS = YES;
				CLANG_WARN_STRICT_PROTOTYPES = YES;
				CLANG_WARN_SUSPICIOUS_MOVE = YES;
				CLANG_WARN_UNGUARDED_AVAILABILITY = YES_AGGRESSIVE;
				CLANG_WARN_UNREACHABLE_CODE = YES;
				CLANG_WARN__DUPLICATE_METHOD_MATCH = YES;
				COPY_PHASE_STRIP = NO;
				DEBUG_INFORMATION_FORMAT = "dwarf-with-dsym";
				ENABLE_NS_ASSERTIONS = NO;
				ENABLE_STRICT_OBJC_MSGSEND = YES;
				GCC_C_LANGUAGE_STANDARD = gnu11;
				GCC_NO_COMMON_BLOCKS = YES;
				GCC_WARN_64_TO_32_BIT_CONVERSION = YES;
				GCC_WARN_ABOUT_RETURN_TYPE = YES_ERROR;
				GCC_WARN_UNDECLARED_SELECTOR = YES;
				GCC_WARN_UNINITIALIZED_AUTOS = YES_AGGRESSIVE;
				GCC_WARN_UNUSED_FUNCTION = YES;
				GCC_WARN_UNUSED_VARIABLE = YES;
				IPHONEOS_DEPLOYMENT_TARGET = 13.6;
				MTL_ENABLE_DEBUG_INFO = NO;
				MTL_FAST_MATH = YES;
				SDKROOT = iphoneos;
				SWIFT_COMPILATION_MODE = wholemodule;
				SWIFT_OPTIMIZATION_LEVEL = "-O";
				VALIDATE_PRODUCT = YES;
			};
			name = Release;
		};
		7A851F0424FDB9B100888B4F /* Debug */ = {
			isa = XCBuildConfiguration;
			baseConfigurationReference = A94E45C0A8DF2720BC254A13 /* Pods-Bokete_Udemy.debug.xcconfig */;
			buildSettings = {
				ASSETCATALOG_COMPILER_APPICON_NAME = AppIcon;
				CODE_SIGN_STYLE = Automatic;
				INFOPLIST_FILE = Bokete_Udemy/Info.plist;
				LD_RUNPATH_SEARCH_PATHS = (
					"$(inherited)",
					"@executable_path/Frameworks",
				);
				PRODUCT_BUNDLE_IDENTIFIER = "com.tmatsuda.Bokete-Udemy";
				PRODUCT_NAME = "$(TARGET_NAME)";
				SWIFT_VERSION = 5.0;
				TARGETED_DEVICE_FAMILY = 1;
			};
			name = Debug;
		};
		7A851F0524FDB9B100888B4F /* Release */ = {
			isa = XCBuildConfiguration;
			baseConfigurationReference = 8EA2B7C86FD817515D7B6C0C /* Pods-Bokete_Udemy.release.xcconfig */;
			buildSettings = {
				ASSETCATALOG_COMPILER_APPICON_NAME = AppIcon;
				CODE_SIGN_STYLE = Automatic;
				INFOPLIST_FILE = Bokete_Udemy/Info.plist;
				LD_RUNPATH_SEARCH_PATHS = (
					"$(inherited)",
					"@executable_path/Frameworks",
				);
				PRODUCT_BUNDLE_IDENTIFIER = "com.tmatsuda.Bokete-Udemy";
				PRODUCT_NAME = "$(TARGET_NAME)";
				SWIFT_VERSION = 5.0;
				TARGETED_DEVICE_FAMILY = 1;
			};
			name = Release;
		};
/* End XCBuildConfiguration section */

/* Begin XCConfigurationList section */
		7A851EEA24FDB9AE00888B4F /* Build configuration list for PBXProject "Bokete_Udemy" */ = {
			isa = XCConfigurationList;
			buildConfigurations = (
				7A851F0124FDB9B100888B4F /* Debug */,
				7A851F0224FDB9B100888B4F /* Release */,
			);
			defaultConfigurationIsVisible = 0;
			defaultConfigurationName = Release;
		};
		7A851F0324FDB9B100888B4F /* Build configuration list for PBXNativeTarget "Bokete_Udemy" */ = {
			isa = XCConfigurationList;
			buildConfigurations = (
				7A851F0424FDB9B100888B4F /* Debug */,
				7A851F0524FDB9B100888B4F /* Release */,
			);
			defaultConfigurationIsVisible = 0;
			defaultConfigurationName = Release;
		};
/* End XCConfigurationList section */
	};
	rootObject = 7A851EE724FDB9AE00888B4F /* Project object */;
}
