// !$*UTF8*$!
{
	archiveVersion = 1;
	classes = {
	};
	objectVersion = 50;
	objects = {

/* Begin PBXBuildFile section */
		7A2AB6CB24E923D400DD1188 /* ImagesModel.swift in Sources */ = {isa = PBXBuildFile; fileRef = 7A2AB6CA24E923D400DD1188 /* ImagesModel.swift */; };
		7A2AB6CD24E9ED0200DD1188 /* imagesList.swift in Sources */ = {isa = PBXBuildFile; fileRef = 7A2AB6CC24E9ED0200DD1188 /* imagesList.swift */; };
		7AFC609324E9184100F9D999 /* AppDelegate.swift in Sources */ = {isa = PBXBuildFile; fileRef = 7AFC609224E9184100F9D999 /* AppDelegate.swift */; };
		7AFC609524E9184100F9D999 /* SceneDelegate.swift in Sources */ = {isa = PBXBuildFile; fileRef = 7AFC609424E9184100F9D999 /* SceneDelegate.swift */; };
		7AFC609724E9184100F9D999 /* ViewController.swift in Sources */ = {isa = PBXBuildFile; fileRef = 7AFC609624E9184100F9D999 /* ViewController.swift */; };
		7AFC609A24E9184100F9D999 /* Main.storyboard in Resources */ = {isa = PBXBuildFile; fileRef = 7AFC609824E9184100F9D999 /* Main.storyboard */; };
		7AFC609C24E9184400F9D999 /* Assets.xcassets in Resources */ = {isa = PBXBuildFile; fileRef = 7AFC609B24E9184400F9D999 /* Assets.xcassets */; };
		7AFC609F24E9184400F9D999 /* LaunchScreen.storyboard in Resources */ = {isa = PBXBuildFile; fileRef = 7AFC609D24E9184400F9D999 /* LaunchScreen.storyboard */; };
		7AFC60A724E919A000F9D999 /* batsuSound.mp3 in Resources */ = {isa = PBXBuildFile; fileRef = 7AFC60A624E919A000F9D999 /* batsuSound.mp3 */; };
		7AFC60A924E919C300F9D999 /* maruSound.mp3 in Resources */ = {isa = PBXBuildFile; fileRef = 7AFC60A824E919C300F9D999 /* maruSound.mp3 */; };
		7AFC60AB24E919CD00F9D999 /* sound.mp3 in Resources */ = {isa = PBXBuildFile; fileRef = 7AFC60AA24E919CC00F9D999 /* sound.mp3 */; };
		7AFC60B024E91C1C00F9D999 /* NextViewController.swift in Sources */ = {isa = PBXBuildFile; fileRef = 7AFC60AF24E91C1C00F9D999 /* NextViewController.swift */; };
/* End PBXBuildFile section */

/* Begin PBXFileReference section */
		7A2AB6CA24E923D400DD1188 /* ImagesModel.swift */ = {isa = PBXFileReference; lastKnownFileType = sourcecode.swift; path = ImagesModel.swift; sourceTree = "<group>"; };
		7A2AB6CC24E9ED0200DD1188 /* imagesList.swift */ = {isa = PBXFileReference; lastKnownFileType = sourcecode.swift; path = imagesList.swift; sourceTree = "<group>"; };
		7AFC608F24E9184100F9D999 /* QuestionApp.app */ = {isa = PBXFileReference; explicitFileType = wrapper.application; includeInIndex = 0; path = QuestionApp.app; sourceTree = BUILT_PRODUCTS_DIR; };
		7AFC609224E9184100F9D999 /* AppDelegate.swift */ = {isa = PBXFileReference; lastKnownFileType = sourcecode.swift; path = AppDelegate.swift; sourceTree = "<group>"; };
		7AFC609424E9184100F9D999 /* SceneDelegate.swift */ = {isa = PBXFileReference; lastKnownFileType = sourcecode.swift; path = SceneDelegate.swift; sourceTree = "<group>"; };
		7AFC609624E9184100F9D999 /* ViewController.swift */ = {isa = PBXFileReference; lastKnownFileType = sourcecode.swift; path = ViewController.swift; sourceTree = "<group>"; };
		7AFC609924E9184100F9D999 /* Base */ = {isa = PBXFileReference; lastKnownFileType = file.storyboard; name = Base; path = Base.lproj/Main.storyboard; sourceTree = "<group>"; };
		7AFC609B24E9184400F9D999 /* Assets.xcassets */ = {isa = PBXFileReference; lastKnownFileType = folder.assetcatalog; path = Assets.xcassets; sourceTree = "<group>"; };
		7AFC609E24E9184400F9D999 /* Base */ = {isa = PBXFileReference; lastKnownFileType = file.storyboard; name = Base; path = Base.lproj/LaunchScreen.storyboard; sourceTree = "<group>"; };
		7AFC60A024E9184400F9D999 /* Info.plist */ = {isa = PBXFileReference; lastKnownFileType = text.plist.xml; path = Info.plist; sourceTree = "<group>"; };
		7AFC60A624E919A000F9D999 /* batsuSound.mp3 */ = {isa = PBXFileReference; lastKnownFileType = audio.mp3; name = batsuSound.mp3; path = "../../../swift_udemy資料/Resources/iOS13AppImages/QuestionApp1素材/batsuSound.mp3"; sourceTree = "<group>"; };
		7AFC60A824E919C300F9D999 /* maruSound.mp3 */ = {isa = PBXFileReference; lastKnownFileType = audio.mp3; name = maruSound.mp3; path = "../../../swift_udemy資料/Resources/iOS13AppImages/QuestionApp1素材/maruSound.mp3"; sourceTree = "<group>"; };
		7AFC60AA24E919CC00F9D999 /* sound.mp3 */ = {isa = PBXFileReference; lastKnownFileType = audio.mp3; name = sound.mp3; path = "../../../swift_udemy資料/Resources/iOS13AppImages/QuestionApp1素材/sound.mp3"; sourceTree = "<group>"; };
		7AFC60AF24E91C1C00F9D999 /* NextViewController.swift */ = {isa = PBXFileReference; lastKnownFileType = sourcecode.swift; path = NextViewController.swift; sourceTree = "<group>"; };
/* End PBXFileReference section */

/* Begin PBXFrameworksBuildPhase section */
		7AFC608C24E9184100F9D999 /* Frameworks */ = {
			isa = PBXFrameworksBuildPhase;
			buildActionMask = 2147483647;
			files = (
			);
			runOnlyForDeploymentPostprocessing = 0;
		};
/* End PBXFrameworksBuildPhase section */

/* Begin PBXGroup section */
		7AFC608624E9184100F9D999 = {
			isa = PBXGroup;
			children = (
				7AFC609124E9184100F9D999 /* QuestionApp */,
				7AFC609024E9184100F9D999 /* Products */,
			);
			sourceTree = "<group>";
		};
		7AFC609024E9184100F9D999 /* Products */ = {
			isa = PBXGroup;
			children = (
				7AFC608F24E9184100F9D999 /* QuestionApp.app */,
			);
			name = Products;
			sourceTree = "<group>";
		};
		7AFC609124E9184100F9D999 /* QuestionApp */ = {
			isa = PBXGroup;
			children = (
				7AFC60AC24E91A9200F9D999 /* Model */,
				7AFC60AD24E91AD600F9D999 /* View */,
				7AFC60AE24E91ADE00F9D999 /* Controller */,
				7AFC609D24E9184400F9D999 /* LaunchScreen.storyboard */,
				7AFC60A824E919C300F9D999 /* maruSound.mp3 */,
				7AFC60A624E919A000F9D999 /* batsuSound.mp3 */,
				7AFC60AA24E919CC00F9D999 /* sound.mp3 */,
				7AFC60A024E9184400F9D999 /* Info.plist */,
			);
			path = QuestionApp;
			sourceTree = "<group>";
		};
		7AFC60AC24E91A9200F9D999 /* Model */ = {
			isa = PBXGroup;
			children = (
				7A2AB6CA24E923D400DD1188 /* ImagesModel.swift */,
				7A2AB6CC24E9ED0200DD1188 /* imagesList.swift */,
			);
			path = Model;
			sourceTree = "<group>";
		};
		7AFC60AD24E91AD600F9D999 /* View */ = {
			isa = PBXGroup;
			children = (
				7AFC609824E9184100F9D999 /* Main.storyboard */,
				7AFC609B24E9184400F9D999 /* Assets.xcassets */,
			);
			path = View;
			sourceTree = "<group>";
		};
		7AFC60AE24E91ADE00F9D999 /* Controller */ = {
			isa = PBXGroup;
			children = (
				7AFC609424E9184100F9D999 /* SceneDelegate.swift */,
				7AFC609224E9184100F9D999 /* AppDelegate.swift */,
				7AFC609624E9184100F9D999 /* ViewController.swift */,
				7AFC60AF24E91C1C00F9D999 /* NextViewController.swift */,
			);
			path = Controller;
			sourceTree = "<group>";
		};
/* End PBXGroup section */

/* Begin PBXNativeTarget section */
		7AFC608E24E9184100F9D999 /* QuestionApp */ = {
			isa = PBXNativeTarget;
			buildConfigurationList = 7AFC60A324E9184400F9D999 /* Build configuration list for PBXNativeTarget "QuestionApp" */;
			buildPhases = (
				7AFC608B24E9184100F9D999 /* Sources */,
				7AFC608C24E9184100F9D999 /* Frameworks */,
				7AFC608D24E9184100F9D999 /* Resources */,
			);
			buildRules = (
			);
			dependencies = (
			);
			name = QuestionApp;
			productName = QuestionApp;
			productReference = 7AFC608F24E9184100F9D999 /* QuestionApp.app */;
			productType = "com.apple.product-type.application";
		};
/* End PBXNativeTarget section */

/* Begin PBXProject section */
		7AFC608724E9184100F9D999 /* Project object */ = {
			isa = PBXProject;
			attributes = {
				LastSwiftUpdateCheck = 1160;
				LastUpgradeCheck = 1160;
				ORGANIZATIONNAME = tmatsuda;
				TargetAttributes = {
					7AFC608E24E9184100F9D999 = {
						CreatedOnToolsVersion = 11.6;
					};
				};
			};
			buildConfigurationList = 7AFC608A24E9184100F9D999 /* Build configuration list for PBXProject "QuestionApp" */;
			compatibilityVersion = "Xcode 9.3";
			developmentRegion = en;
			hasScannedForEncodings = 0;
			knownRegions = (
				en,
				Base,
			);
			mainGroup = 7AFC608624E9184100F9D999;
			productRefGroup = 7AFC609024E9184100F9D999 /* Products */;
			projectDirPath = "";
			projectRoot = "";
			targets = (
				7AFC608E24E9184100F9D999 /* QuestionApp */,
			);
		};
/* End PBXProject section */

/* Begin PBXResourcesBuildPhase section */
		7AFC608D24E9184100F9D999 /* Resources */ = {
			isa = PBXResourcesBuildPhase;
			buildActionMask = 2147483647;
			files = (
				7AFC60A724E919A000F9D999 /* batsuSound.mp3 in Resources */,
				7AFC60A924E919C300F9D999 /* maruSound.mp3 in Resources */,
				7AFC609F24E9184400F9D999 /* LaunchScreen.storyboard in Resources */,
				7AFC609C24E9184400F9D999 /* Assets.xcassets in Resources */,
				7AFC60AB24E919CD00F9D999 /* sound.mp3 in Resources */,
				7AFC609A24E9184100F9D999 /* Main.storyboard in Resources */,
			);
			runOnlyForDeploymentPostprocessing = 0;
		};
/* End PBXResourcesBuildPhase section */

/* Begin PBXSourcesBuildPhase section */
		7AFC608B24E9184100F9D999 /* Sources */ = {
			isa = PBXSourcesBuildPhase;
			buildActionMask = 2147483647;
			files = (
				7AFC609724E9184100F9D999 /* ViewController.swift in Sources */,
				7AFC60B024E91C1C00F9D999 /* NextViewController.swift in Sources */,
				7AFC609324E9184100F9D999 /* AppDelegate.swift in Sources */,
				7AFC609524E9184100F9D999 /* SceneDelegate.swift in Sources */,
				7A2AB6CB24E923D400DD1188 /* ImagesModel.swift in Sources */,
				7A2AB6CD24E9ED0200DD1188 /* imagesList.swift in Sources */,
			);
			runOnlyForDeploymentPostprocessing = 0;
		};
/* End PBXSourcesBuildPhase section */

/* Begin PBXVariantGroup section */
		7AFC609824E9184100F9D999 /* Main.storyboard */ = {
			isa = PBXVariantGroup;
			children = (
				7AFC609924E9184100F9D999 /* Base */,
			);
			name = Main.storyboard;
			sourceTree = "<group>";
		};
		7AFC609D24E9184400F9D999 /* LaunchScreen.storyboard */ = {
			isa = PBXVariantGroup;
			children = (
				7AFC609E24E9184400F9D999 /* Base */,
			);
			name = LaunchScreen.storyboard;
			sourceTree = "<group>";
		};
/* End PBXVariantGroup section */

/* Begin XCBuildConfiguration section */
		7AFC60A124E9184400F9D999 /* Debug */ = {
			isa = XCBuildConfiguration;
			buildSettings = {
				ALWAYS_SEARCH_USER_PATHS = NO;
				CLANG_ANALYZER_NONNULL = YES;
				CLANG_ANALYZER_NUMBER_OBJECT_CONVERSION = YES_AGGRESSIVE;
				CLANG_CXX_LANGUAGE_STANDARD = "gnu++14";
				CLANG_CXX_LIBRARY = "libc++";
				CLANG_ENABLE_MODULES = YES;
				CLANG_ENABLE_OBJC_ARC = YES;
				CLANG_ENABLE_OBJC_WEAK = YES;
				CLANG_WARN_BLOCK_CAPTURE_AUTORELEASING = YES;
				CLANG_WARN_BOOL_CONVERSION = YES;
				CLANG_WARN_COMMA = YES;
				CLANG_WARN_CONSTANT_CONVERSION = YES;
				CLANG_WARN_DEPRECATED_OBJC_IMPLEMENTATIONS = YES;
				CLANG_WARN_DIRECT_OBJC_ISA_USAGE = YES_ERROR;
				CLANG_WARN_DOCUMENTATION_COMMENTS = YES;
				CLANG_WARN_EMPTY_BODY = YES;
				CLANG_WARN_ENUM_CONVERSION = YES;
				CLANG_WARN_INFINITE_RECURSION = YES;
				CLANG_WARN_INT_CONVERSION = YES;
				CLANG_WARN_NON_LITERAL_NULL_CONVERSION = YES;
				CLANG_WARN_OBJC_IMPLICIT_RETAIN_SELF = YES;
				CLANG_WARN_OBJC_LITERAL_CONVERSION = YES;
				CLANG_WARN_OBJC_ROOT_CLASS = YES_ERROR;
				CLANG_WARN_RANGE_LOOP_ANALYSIS = YES;
				CLANG_WARN_STRICT_PROTOTYPES = YES;
				CLANG_WARN_SUSPICIOUS_MOVE = YES;
				CLANG_WARN_UNGUARDED_AVAILABILITY = YES_AGGRESSIVE;
				CLANG_WARN_UNREACHABLE_CODE = YES;
				CLANG_WARN__DUPLICATE_METHOD_MATCH = YES;
				COPY_PHASE_STRIP = NO;
				DEBUG_INFORMATION_FORMAT = dwarf;
				ENABLE_STRICT_OBJC_MSGSEND = YES;
				ENABLE_TESTABILITY = YES;
				GCC_C_LANGUAGE_STANDARD = gnu11;
				GCC_DYNAMIC_NO_PIC = NO;
				GCC_NO_COMMON_BLOCKS = YES;
				GCC_OPTIMIZATION_LEVEL = 0;
				GCC_PREPROCESSOR_DEFINITIONS = (
					"DEBUG=1",
					"$(inherited)",
				);
				GCC_WARN_64_TO_32_BIT_CONVERSION = YES;
				GCC_WARN_ABOUT_RETURN_TYPE = YES_ERROR;
				GCC_WARN_UNDECLARED_SELECTOR = YES;
				GCC_WARN_UNINITIALIZED_AUTOS = YES_AGGRESSIVE;
				GCC_WARN_UNUSED_FUNCTION = YES;
				GCC_WARN_UNUSED_VARIABLE = YES;
				IPHONEOS_DEPLOYMENT_TARGET = 13.6;
				MTL_ENABLE_DEBUG_INFO = INCLUDE_SOURCE;
				MTL_FAST_MATH = YES;
				ONLY_ACTIVE_ARCH = YES;
				SDKROOT = iphoneos;
				SWIFT_ACTIVE_COMPILATION_CONDITIONS = DEBUG;
				SWIFT_OPTIMIZATION_LEVEL = "-Onone";
			};
			name = Debug;
		};
		7AFC60A224E9184400F9D999 /* Release */ = {
			isa = XCBuildConfiguration;
			buildSettings = {
				ALWAYS_SEARCH_USER_PATHS = NO;
				CLANG_ANALYZER_NONNULL = YES;
				CLANG_ANALYZER_NUMBER_OBJECT_CONVERSION = YES_AGGRESSIVE;
				CLANG_CXX_LANGUAGE_STANDARD = "gnu++14";
				CLANG_CXX_LIBRARY = "libc++";
				CLANG_ENABLE_MODULES = YES;
				CLANG_ENABLE_OBJC_ARC = YES;
				CLANG_ENABLE_OBJC_WEAK = YES;
				CLANG_WARN_BLOCK_CAPTURE_AUTORELEASING = YES;
				CLANG_WARN_BOOL_CONVERSION = YES;
				CLANG_WARN_COMMA = YES;
				CLANG_WARN_CONSTANT_CONVERSION = YES;
				CLANG_WARN_DEPRECATED_OBJC_IMPLEMENTATIONS = YES;
				CLANG_WARN_DIRECT_OBJC_ISA_USAGE = YES_ERROR;
				CLANG_WARN_DOCUMENTATION_COMMENTS = YES;
				CLANG_WARN_EMPTY_BODY = YES;
				CLANG_WARN_ENUM_CONVERSION = YES;
				CLANG_WARN_INFINITE_RECURSION = YES;
				CLANG_WARN_INT_CONVERSION = YES;
				CLANG_WARN_NON_LITERAL_NULL_CONVERSION = YES;
				CLANG_WARN_OBJC_IMPLICIT_RETAIN_SELF = YES;
				CLANG_WARN_OBJC_LITERAL_CONVERSION = YES;
				CLANG_WARN_OBJC_ROOT_CLASS = YES_ERROR;
				CLANG_WARN_RANGE_LOOP_ANALYSIS = YES;
				CLANG_WARN_STRICT_PROTOTYPES = YES;
				CLANG_WARN_SUSPICIOUS_MOVE = YES;
				CLANG_WARN_UNGUARDED_AVAILABILITY = YES_AGGRESSIVE;
				CLANG_WARN_UNREACHABLE_CODE = YES;
				CLANG_WARN__DUPLICATE_METHOD_MATCH = YES;
				COPY_PHASE_STRIP = NO;
				DEBUG_INFORMATION_FORMAT = "dwarf-with-dsym";
				ENABLE_NS_ASSERTIONS = NO;
				ENABLE_STRICT_OBJC_MSGSEND = YES;
				GCC_C_LANGUAGE_STANDARD = gnu11;
				GCC_NO_COMMON_BLOCKS = YES;
				GCC_WARN_64_TO_32_BIT_CONVERSION = YES;
				GCC_WARN_ABOUT_RETURN_TYPE = YES_ERROR;
				GCC_WARN_UNDECLARED_SELECTOR = YES;
				GCC_WARN_UNINITIALIZED_AUTOS = YES_AGGRESSIVE;
				GCC_WARN_UNUSED_FUNCTION = YES;
				GCC_WARN_UNUSED_VARIABLE = YES;
				IPHONEOS_DEPLOYMENT_TARGET = 13.6;
				MTL_ENABLE_DEBUG_INFO = NO;
				MTL_FAST_MATH = YES;
				SDKROOT = iphoneos;
				SWIFT_COMPILATION_MODE = wholemodule;
				SWIFT_OPTIMIZATION_LEVEL = "-O";
				VALIDATE_PRODUCT = YES;
			};
			name = Release;
		};
		7AFC60A424E9184400F9D999 /* Debug */ = {
			isa = XCBuildConfiguration;
			buildSettings = {
				ASSETCATALOG_COMPILER_APPICON_NAME = AppIcon;
				CODE_SIGN_STYLE = Automatic;
				INFOPLIST_FILE = QuestionApp/Info.plist;
				LD_RUNPATH_SEARCH_PATHS = (
					"$(inherited)",
					"@executable_path/Frameworks",
				);
				PRODUCT_BUNDLE_IDENTIFIER = com.tmatsuda.QuestionApp;
				PRODUCT_NAME = "$(TARGET_NAME)";
				SWIFT_VERSION = 5.0;
				TARGETED_DEVICE_FAMILY = 1;
			};
			name = Debug;
		};
		7AFC60A524E9184400F9D999 /* Release */ = {
			isa = XCBuildConfiguration;
			buildSettings = {
				ASSETCATALOG_COMPILER_APPICON_NAME = AppIcon;
				CODE_SIGN_STYLE = Automatic;
				INFOPLIST_FILE = QuestionApp/Info.plist;
				LD_RUNPATH_SEARCH_PATHS = (
					"$(inherited)",
					"@executable_path/Frameworks",
				);
				PRODUCT_BUNDLE_IDENTIFIER = com.tmatsuda.QuestionApp;
				PRODUCT_NAME = "$(TARGET_NAME)";
				SWIFT_VERSION = 5.0;
				TARGETED_DEVICE_FAMILY = 1;
			};
			name = Release;
		};
/* End XCBuildConfiguration section */

/* Begin XCConfigurationList section */
		7AFC608A24E9184100F9D999 /* Build configuration list for PBXProject "QuestionApp" */ = {
			isa = XCConfigurationList;
			buildConfigurations = (
				7AFC60A124E9184400F9D999 /* Debug */,
				7AFC60A224E9184400F9D999 /* Release */,
			);
			defaultConfigurationIsVisible = 0;
			defaultConfigurationName = Release;
		};
		7AFC60A324E9184400F9D999 /* Build configuration list for PBXNativeTarget "QuestionApp" */ = {
			isa = XCConfigurationList;
			buildConfigurations = (
				7AFC60A424E9184400F9D999 /* Debug */,
				7AFC60A524E9184400F9D999 /* Release */,
			);
			defaultConfigurationIsVisible = 0;
			defaultConfigurationName = Release;
		};
/* End XCConfigurationList section */
	};
	rootObject = 7AFC608724E9184100F9D999 /* Project object */;
}
