// !$*UTF8*$!
{
	archiveVersion = 1;
	classes = {
	};
	objectVersion = 50;
	objects = {

/* Begin PBXBuildFile section */
		7A8657B824E8A5E100B6EE0D /* AppDelegate.swift in Sources */ = {isa = PBXBuildFile; fileRef = 7A8657B724E8A5E100B6EE0D /* AppDelegate.swift */; };
		7A8657BA24E8A5E100B6EE0D /* SceneDelegate.swift in Sources */ = {isa = PBXBuildFile; fileRef = 7A8657B924E8A5E100B6EE0D /* SceneDelegate.swift */; };
		7A8657BC24E8A5E100B6EE0D /* ViewController.swift in Sources */ = {isa = PBXBuildFile; fileRef = 7A8657BB24E8A5E100B6EE0D /* ViewController.swift */; };
		7A8657BF24E8A5E100B6EE0D /* Main.storyboard in Resources */ = {isa = PBXBuildFile; fileRef = 7A8657BD24E8A5E100B6EE0D /* Main.storyboard */; };
		7A8657C124E8A5E600B6EE0D /* Assets.xcassets in Resources */ = {isa = PBXBuildFile; fileRef = 7A8657C024E8A5E600B6EE0D /* Assets.xcassets */; };
		7A8657C424E8A5E600B6EE0D /* LaunchScreen.storyboard in Resources */ = {isa = PBXBuildFile; fileRef = 7A8657C224E8A5E600B6EE0D /* LaunchScreen.storyboard */; };
		7A8657CC24E8A66400B6EE0D /* NextViewController.swift in Sources */ = {isa = PBXBuildFile; fileRef = 7A8657CB24E8A66400B6EE0D /* NextViewController.swift */; };
/* End PBXBuildFile section */

/* Begin PBXFileReference section */
		7A8657B424E8A5E100B6EE0D /* MapAndProtcol.app */ = {isa = PBXFileReference; explicitFileType = wrapper.application; includeInIndex = 0; path = MapAndProtcol.app; sourceTree = BUILT_PRODUCTS_DIR; };
		7A8657B724E8A5E100B6EE0D /* AppDelegate.swift */ = {isa = PBXFileReference; lastKnownFileType = sourcecode.swift; path = AppDelegate.swift; sourceTree = "<group>"; };
		7A8657B924E8A5E100B6EE0D /* SceneDelegate.swift */ = {isa = PBXFileReference; lastKnownFileType = sourcecode.swift; path = SceneDelegate.swift; sourceTree = "<group>"; };
		7A8657BB24E8A5E100B6EE0D /* ViewController.swift */ = {isa = PBXFileReference; lastKnownFileType = sourcecode.swift; path = ViewController.swift; sourceTree = "<group>"; };
		7A8657BE24E8A5E100B6EE0D /* Base */ = {isa = PBXFileReference; lastKnownFileType = file.storyboard; name = Base; path = Base.lproj/Main.storyboard; sourceTree = "<group>"; };
		7A8657C024E8A5E600B6EE0D /* Assets.xcassets */ = {isa = PBXFileReference; lastKnownFileType = folder.assetcatalog; path = Assets.xcassets; sourceTree = "<group>"; };
		7A8657C324E8A5E600B6EE0D /* Base */ = {isa = PBXFileReference; lastKnownFileType = file.storyboard; name = Base; path = Base.lproj/LaunchScreen.storyboard; sourceTree = "<group>"; };
		7A8657C524E8A5E600B6EE0D /* Info.plist */ = {isa = PBXFileReference; lastKnownFileType = text.plist.xml; path = Info.plist; sourceTree = "<group>"; };
		7A8657CB24E8A66400B6EE0D /* NextViewController.swift */ = {isa = PBXFileReference; lastKnownFileType = sourcecode.swift; path = NextViewController.swift; sourceTree = "<group>"; };
/* End PBXFileReference section */

/* Begin PBXFrameworksBuildPhase section */
		7A8657B124E8A5E100B6EE0D /* Frameworks */ = {
			isa = PBXFrameworksBuildPhase;
			buildActionMask = 2147483647;
			files = (
			);
			runOnlyForDeploymentPostprocessing = 0;
		};
/* End PBXFrameworksBuildPhase section */

/* Begin PBXGroup section */
		7A8657AB24E8A5E100B6EE0D = {
			isa = PBXGroup;
			children = (
				7A8657B624E8A5E100B6EE0D /* MapAndProtcol */,
				7A8657B524E8A5E100B6EE0D /* Products */,
			);
			sourceTree = "<group>";
		};
		7A8657B524E8A5E100B6EE0D /* Products */ = {
			isa = PBXGroup;
			children = (
				7A8657B424E8A5E100B6EE0D /* MapAndProtcol.app */,
			);
			name = Products;
			sourceTree = "<group>";
		};
		7A8657B624E8A5E100B6EE0D /* MapAndProtcol */ = {
			isa = PBXGroup;
			children = (
				7A8657B724E8A5E100B6EE0D /* AppDelegate.swift */,
				7A8657B924E8A5E100B6EE0D /* SceneDelegate.swift */,
				7A8657BB24E8A5E100B6EE0D /* ViewController.swift */,
				7A8657CB24E8A66400B6EE0D /* NextViewController.swift */,
				7A8657BD24E8A5E100B6EE0D /* Main.storyboard */,
				7A8657C024E8A5E600B6EE0D /* Assets.xcassets */,
				7A8657C224E8A5E600B6EE0D /* LaunchScreen.storyboard */,
				7A8657C524E8A5E600B6EE0D /* Info.plist */,
			);
			path = MapAndProtcol;
			sourceTree = "<group>";
		};
/* End PBXGroup section */

/* Begin PBXNativeTarget section */
		7A8657B324E8A5E100B6EE0D /* MapAndProtcol */ = {
			isa = PBXNativeTarget;
			buildConfigurationList = 7A8657C824E8A5E600B6EE0D /* Build configuration list for PBXNativeTarget "MapAndProtcol" */;
			buildPhases = (
				7A8657B024E8A5E100B6EE0D /* Sources */,
				7A8657B124E8A5E100B6EE0D /* Frameworks */,
				7A8657B224E8A5E100B6EE0D /* Resources */,
			);
			buildRules = (
			);
			dependencies = (
			);
			name = MapAndProtcol;
			productName = MapAndProtcol;
			productReference = 7A8657B424E8A5E100B6EE0D /* MapAndProtcol.app */;
			productType = "com.apple.product-type.application";
		};
/* End PBXNativeTarget section */

/* Begin PBXProject section */
		7A8657AC24E8A5E100B6EE0D /* Project object */ = {
			isa = PBXProject;
			attributes = {
				LastSwiftUpdateCheck = 1160;
				LastUpgradeCheck = 1160;
				ORGANIZATIONNAME = tmatsuda;
				TargetAttributes = {
					7A8657B324E8A5E100B6EE0D = {
						CreatedOnToolsVersion = 11.6;
					};
				};
			};
			buildConfigurationList = 7A8657AF24E8A5E100B6EE0D /* Build configuration list for PBXProject "MapAndProtcol" */;
			compatibilityVersion = "Xcode 9.3";
			developmentRegion = en;
			hasScannedForEncodings = 0;
			knownRegions = (
				en,
				Base,
			);
			mainGroup = 7A8657AB24E8A5E100B6EE0D;
			productRefGroup = 7A8657B524E8A5E100B6EE0D /* Products */;
			projectDirPath = "";
			projectRoot = "";
			targets = (
				7A8657B324E8A5E100B6EE0D /* MapAndProtcol */,
			);
		};
/* End PBXProject section */

/* Begin PBXResourcesBuildPhase section */
		7A8657B224E8A5E100B6EE0D /* Resources */ = {
			isa = PBXResourcesBuildPhase;
			buildActionMask = 2147483647;
			files = (
				7A8657C424E8A5E600B6EE0D /* LaunchScreen.storyboard in Resources */,
				7A8657C124E8A5E600B6EE0D /* Assets.xcassets in Resources */,
				7A8657BF24E8A5E100B6EE0D /* Main.storyboard in Resources */,
			);
			runOnlyForDeploymentPostprocessing = 0;
		};
/* End PBXResourcesBuildPhase section */

/* Begin PBXSourcesBuildPhase section */
		7A8657B024E8A5E100B6EE0D /* Sources */ = {
			isa = PBXSourcesBuildPhase;
			buildActionMask = 2147483647;
			files = (
				7A8657BC24E8A5E100B6EE0D /* ViewController.swift in Sources */,
				7A8657CC24E8A66400B6EE0D /* NextViewController.swift in Sources */,
				7A8657B824E8A5E100B6EE0D /* AppDelegate.swift in Sources */,
				7A8657BA24E8A5E100B6EE0D /* SceneDelegate.swift in Sources */,
			);
			runOnlyForDeploymentPostprocessing = 0;
		};
/* End PBXSourcesBuildPhase section */

/* Begin PBXVariantGroup section */
		7A8657BD24E8A5E100B6EE0D /* Main.storyboard */ = {
			isa = PBXVariantGroup;
			children = (
				7A8657BE24E8A5E100B6EE0D /* Base */,
			);
			name = Main.storyboard;
			sourceTree = "<group>";
		};
		7A8657C224E8A5E600B6EE0D /* LaunchScreen.storyboard */ = {
			isa = PBXVariantGroup;
			children = (
				7A8657C324E8A5E600B6EE0D /* Base */,
			);
			name = LaunchScreen.storyboard;
			sourceTree = "<group>";
		};
/* End PBXVariantGroup section */

/* Begin XCBuildConfiguration section */
		7A8657C624E8A5E600B6EE0D /* Debug */ = {
			isa = XCBuildConfiguration;
			buildSettings = {
				ALWAYS_SEARCH_USER_PATHS = NO;
				CLANG_ANALYZER_NONNULL = YES;
				CLANG_ANALYZER_NUMBER_OBJECT_CONVERSION = YES_AGGRESSIVE;
				CLANG_CXX_LANGUAGE_STANDARD = "gnu++14";
				CLANG_CXX_LIBRARY = "libc++";
				CLANG_ENABLE_MODULES = YES;
				CLANG_ENABLE_OBJC_ARC = YES;
				CLANG_ENABLE_OBJC_WEAK = YES;
				CLANG_WARN_BLOCK_CAPTURE_AUTORELEASING = YES;
				CLANG_WARN_BOOL_CONVERSION = YES;
				CLANG_WARN_COMMA = YES;
				CLANG_WARN_CONSTANT_CONVERSION = YES;
				CLANG_WARN_DEPRECATED_OBJC_IMPLEMENTATIONS = YES;
				CLANG_WARN_DIRECT_OBJC_ISA_USAGE = YES_ERROR;
				CLANG_WARN_DOCUMENTATION_COMMENTS = YES;
				CLANG_WARN_EMPTY_BODY = YES;
				CLANG_WARN_ENUM_CONVERSION = YES;
				CLANG_WARN_INFINITE_RECURSION = YES;
				CLANG_WARN_INT_CONVERSION = YES;
				CLANG_WARN_NON_LITERAL_NULL_CONVERSION = YES;
				CLANG_WARN_OBJC_IMPLICIT_RETAIN_SELF = YES;
				CLANG_WARN_OBJC_LITERAL_CONVERSION = YES;
				CLANG_WARN_OBJC_ROOT_CLASS = YES_ERROR;
				CLANG_WARN_RANGE_LOOP_ANALYSIS = YES;
				CLANG_WARN_STRICT_PROTOTYPES = YES;
				CLANG_WARN_SUSPICIOUS_MOVE = YES;
				CLANG_WARN_UNGUARDED_AVAILABILITY = YES_AGGRESSIVE;
				CLANG_WARN_UNREACHABLE_CODE = YES;
				CLANG_WARN__DUPLICATE_METHOD_MATCH = YES;
				COPY_PHASE_STRIP = NO;
				DEBUG_INFORMATION_FORMAT = dwarf;
				ENABLE_STRICT_OBJC_MSGSEND = YES;
				ENABLE_TESTABILITY = YES;
				GCC_C_LANGUAGE_STANDARD = gnu11;
				GCC_DYNAMIC_NO_PIC = NO;
				GCC_NO_COMMON_BLOCKS = YES;
				GCC_OPTIMIZATION_LEVEL = 0;
				GCC_PREPROCESSOR_DEFINITIONS = (
					"DEBUG=1",
					"$(inherited)",
				);
				GCC_WARN_64_TO_32_BIT_CONVERSION = YES;
				GCC_WARN_ABOUT_RETURN_TYPE = YES_ERROR;
				GCC_WARN_UNDECLARED_SELECTOR = YES;
				GCC_WARN_UNINITIALIZED_AUTOS = YES_AGGRESSIVE;
				GCC_WARN_UNUSED_FUNCTION = YES;
				GCC_WARN_UNUSED_VARIABLE = YES;
				IPHONEOS_DEPLOYMENT_TARGET = 13.6;
				MTL_ENABLE_DEBUG_INFO = INCLUDE_SOURCE;
				MTL_FAST_MATH = YES;
				ONLY_ACTIVE_ARCH = YES;
				SDKROOT = iphoneos;
				SWIFT_ACTIVE_COMPILATION_CONDITIONS = DEBUG;
				SWIFT_OPTIMIZATION_LEVEL = "-Onone";
			};
			name = Debug;
		};
		7A8657C724E8A5E600B6EE0D /* Release */ = {
			isa = XCBuildConfiguration;
			buildSettings = {
				ALWAYS_SEARCH_USER_PATHS = NO;
				CLANG_ANALYZER_NONNULL = YES;
				CLANG_ANALYZER_NUMBER_OBJECT_CONVERSION = YES_AGGRESSIVE;
				CLANG_CXX_LANGUAGE_STANDARD = "gnu++14";
				CLANG_CXX_LIBRARY = "libc++";
				CLANG_ENABLE_MODULES = YES;
				CLANG_ENABLE_OBJC_ARC = YES;
				CLANG_ENABLE_OBJC_WEAK = YES;
				CLANG_WARN_BLOCK_CAPTURE_AUTORELEASING = YES;
				CLANG_WARN_BOOL_CONVERSION = YES;
				CLANG_WARN_COMMA = YES;
				CLANG_WARN_CONSTANT_CONVERSION = YES;
				CLANG_WARN_DEPRECATED_OBJC_IMPLEMENTATIONS = YES;
				CLANG_WARN_DIRECT_OBJC_ISA_USAGE = YES_ERROR;
				CLANG_WARN_DOCUMENTATION_COMMENTS = YES;
				CLANG_WARN_EMPTY_BODY = YES;
				CLANG_WARN_ENUM_CONVERSION = YES;
				CLANG_WARN_INFINITE_RECURSION = YES;
				CLANG_WARN_INT_CONVERSION = YES;
				CLANG_WARN_NON_LITERAL_NULL_CONVERSION = YES;
				CLANG_WARN_OBJC_IMPLICIT_RETAIN_SELF = YES;
				CLANG_WARN_OBJC_LITERAL_CONVERSION = YES;
				CLANG_WARN_OBJC_ROOT_CLASS = YES_ERROR;
				CLANG_WARN_RANGE_LOOP_ANALYSIS = YES;
				CLANG_WARN_STRICT_PROTOTYPES = YES;
				CLANG_WARN_SUSPICIOUS_MOVE = YES;
				CLANG_WARN_UNGUARDED_AVAILABILITY = YES_AGGRESSIVE;
				CLANG_WARN_UNREACHABLE_CODE = YES;
				CLANG_WARN__DUPLICATE_METHOD_MATCH = YES;
				COPY_PHASE_STRIP = NO;
				DEBUG_INFORMATION_FORMAT = "dwarf-with-dsym";
				ENABLE_NS_ASSERTIONS = NO;
				ENABLE_STRICT_OBJC_MSGSEND = YES;
				GCC_C_LANGUAGE_STANDARD = gnu11;
				GCC_NO_COMMON_BLOCKS = YES;
				GCC_WARN_64_TO_32_BIT_CONVERSION = YES;
				GCC_WARN_ABOUT_RETURN_TYPE = YES_ERROR;
				GCC_WARN_UNDECLARED_SELECTOR = YES;
				GCC_WARN_UNINITIALIZED_AUTOS = YES_AGGRESSIVE;
				GCC_WARN_UNUSED_FUNCTION = YES;
				GCC_WARN_UNUSED_VARIABLE = YES;
				IPHONEOS_DEPLOYMENT_TARGET = 13.6;
				MTL_ENABLE_DEBUG_INFO = NO;
				MTL_FAST_MATH = YES;
				SDKROOT = iphoneos;
				SWIFT_COMPILATION_MODE = wholemodule;
				SWIFT_OPTIMIZATION_LEVEL = "-O";
				VALIDATE_PRODUCT = YES;
			};
			name = Release;
		};
		7A8657C924E8A5E600B6EE0D /* Debug */ = {
			isa = XCBuildConfiguration;
			buildSettings = {
				ASSETCATALOG_COMPILER_APPICON_NAME = AppIcon;
				CODE_SIGN_STYLE = Automatic;
				INFOPLIST_FILE = MapAndProtcol/Info.plist;
				LD_RUNPATH_SEARCH_PATHS = (
					"$(inherited)",
					"@executable_path/Frameworks",
				);
				PRODUCT_BUNDLE_IDENTIFIER = com.tmatsuda.MapAndProtcol;
				PRODUCT_NAME = "$(TARGET_NAME)";
				SWIFT_VERSION = 5.0;
				TARGETED_DEVICE_FAMILY = 1;
			};
			name = Debug;
		};
		7A8657CA24E8A5E600B6EE0D /* Release */ = {
			isa = XCBuildConfiguration;
			buildSettings = {
				ASSETCATALOG_COMPILER_APPICON_NAME = AppIcon;
				CODE_SIGN_STYLE = Automatic;
				INFOPLIST_FILE = MapAndProtcol/Info.plist;
				LD_RUNPATH_SEARCH_PATHS = (
					"$(inherited)",
					"@executable_path/Frameworks",
				);
				PRODUCT_BUNDLE_IDENTIFIER = com.tmatsuda.MapAndProtcol;
				PRODUCT_NAME = "$(TARGET_NAME)";
				SWIFT_VERSION = 5.0;
				TARGETED_DEVICE_FAMILY = 1;
			};
			name = Release;
		};
/* End XCBuildConfiguration section */

/* Begin XCConfigurationList section */
		7A8657AF24E8A5E100B6EE0D /* Build configuration list for PBXProject "MapAndProtcol" */ = {
			isa = XCConfigurationList;
			buildConfigurations = (
				7A8657C624E8A5E600B6EE0D /* Debug */,
				7A8657C724E8A5E600B6EE0D /* Release */,
			);
			defaultConfigurationIsVisible = 0;
			defaultConfigurationName = Release;
		};
		7A8657C824E8A5E600B6EE0D /* Build configuration list for PBXNativeTarget "MapAndProtcol" */ = {
			isa = XCConfigurationList;
			buildConfigurations = (
				7A8657C924E8A5E600B6EE0D /* Debug */,
				7A8657CA24E8A5E600B6EE0D /* Release */,
			);
			defaultConfigurationIsVisible = 0;
			defaultConfigurationName = Release;
		};
/* End XCConfigurationList section */
	};
	rootObject = 7A8657AC24E8A5E100B6EE0D /* Project object */;
}
